// !$*UTF8*$!
{
	archiveVersion = 1;
	classes = {
	};
	objectVersion = 56;
	objects = {

/* Begin PBXBuildFile section */
		525EEA582CF56D04004A61AD /* shopApp.swift in Sources */ = {isa = PBXBuildFile; fileRef = 525EEA572CF56D04004A61AD /* shopApp.swift */; };
		525EEA5A2CF56D04004A61AD /* ContentView.swift in Sources */ = {isa = PBXBuildFile; fileRef = 525EEA592CF56D04004A61AD /* ContentView.swift */; };
		525EEA5C2CF56D04004A61AD /* Assets.xcassets in Resources */ = {isa = PBXBuildFile; fileRef = 525EEA5B2CF56D04004A61AD /* Assets.xcassets */; };
		525EEA5F2CF56D04004A61AD /* Preview Assets.xcassets in Resources */ = {isa = PBXBuildFile; fileRef = 525EEA5E2CF56D04004A61AD /* Preview Assets.xcassets */; };
		525EEA6A2CF56D05004A61AD /* shopTests.swift in Sources */ = {isa = PBXBuildFile; fileRef = 525EEA692CF56D05004A61AD /* shopTests.swift */; };
		525EEA742CF56D05004A61AD /* shopUITests.swift in Sources */ = {isa = PBXBuildFile; fileRef = 525EEA732CF56D05004A61AD /* shopUITests.swift */; };
		525EEA762CF56D05004A61AD /* shopUITestsLaunchTests.swift in Sources */ = {isa = PBXBuildFile; fileRef = 525EEA752CF56D05004A61AD /* shopUITestsLaunchTests.swift */; };
/* End PBXBuildFile section */

/* Begin PBXContainerItemProxy section */
		525EEA662CF56D05004A61AD /* PBXContainerItemProxy */ = {
			isa = PBXContainerItemProxy;
			containerPortal = 525EEA4C2CF56D04004A61AD /* Project object */;
			proxyType = 1;
			remoteGlobalIDString = 525EEA532CF56D04004A61AD;
			remoteInfo = shop;
		};
		525EEA702CF56D05004A61AD /* PBXContainerItemProxy */ = {
			isa = PBXContainerItemProxy;
			containerPortal = 525EEA4C2CF56D04004A61AD /* Project object */;
			proxyType = 1;
			remoteGlobalIDString = 525EEA532CF56D04004A61AD;
			remoteInfo = shop;
		};
/* End PBXContainerItemProxy section */

/* Begin PBXFileReference section */
		525EEA542CF56D04004A61AD /* shop.app */ = {isa = PBXFileReference; explicitFileType = wrapper.application; includeInIndex = 0; path = shop.app; sourceTree = BUILT_PRODUCTS_DIR; };
		525EEA572CF56D04004A61AD /* shopApp.swift */ = {isa = PBXFileReference; lastKnownFileType = sourcecode.swift; path = shopApp.swift; sourceTree = "<group>"; };
		525EEA592CF56D04004A61AD /* ContentView.swift */ = {isa = PBXFileReference; lastKnownFileType = sourcecode.swift; path = ContentView.swift; sourceTree = "<group>"; };
		525EEA5B2CF56D04004A61AD /* Assets.xcassets */ = {isa = PBXFileReference; lastKnownFileType = folder.assetcatalog; path = Assets.xcassets; sourceTree = "<group>"; };
		525EEA5E2CF56D04004A61AD /* Preview Assets.xcassets */ = {isa = PBXFileReference; lastKnownFileType = folder.assetcatalog; path = "Preview Assets.xcassets"; sourceTree = "<group>"; };
		525EEA602CF56D04004A61AD /* shop.entitlements */ = {isa = PBXFileReference; lastKnownFileType = text.plist.entitlements; path = shop.entitlements; sourceTree = "<group>"; };
		525EEA652CF56D05004A61AD /* shopTests.xctest */ = {isa = PBXFileReference; explicitFileType = wrapper.cfbundle; includeInIndex = 0; path = shopTests.xctest; sourceTree = BUILT_PRODUCTS_DIR; };
		525EEA692CF56D05004A61AD /* shopTests.swift */ = {isa = PBXFileReference; lastKnownFileType = sourcecode.swift; path = shopTests.swift; sourceTree = "<group>"; };
		525EEA6F2CF56D05004A61AD /* shopUITests.xctest */ = {isa = PBXFileReference; explicitFileType = wrapper.cfbundle; includeInIndex = 0; path = shopUITests.xctest; sourceTree = BUILT_PRODUCTS_DIR; };
		525EEA732CF56D05004A61AD /* shopUITests.swift */ = {isa = PBXFileReference; lastKnownFileType = sourcecode.swift; path = shopUITests.swift; sourceTree = "<group>"; };
		525EEA752CF56D05004A61AD /* shopUITestsLaunchTests.swift */ = {isa = PBXFileReference; lastKnownFileType = sourcecode.swift; path = shopUITestsLaunchTests.swift; sourceTree = "<group>"; };
/* End PBXFileReference section */

/* Begin PBXFrameworksBuildPhase section */
		525EEA512CF56D04004A61AD /* Frameworks */ = {
			isa = PBXFrameworksBuildPhase;
			buildActionMask = 2147483647;
			files = (
			);
			runOnlyForDeploymentPostprocessing = 0;
		};
		525EEA622CF56D05004A61AD /* Frameworks */ = {
			isa = PBXFrameworksBuildPhase;
			buildActionMask = 2147483647;
			files = (
			);
			runOnlyForDeploymentPostprocessing = 0;
		};
		525EEA6C2CF56D05004A61AD /* Frameworks */ = {
			isa = PBXFrameworksBuildPhase;
			buildActionMask = 2147483647;
			files = (
			);
			runOnlyForDeploymentPostprocessing = 0;
		};
/* End PBXFrameworksBuildPhase section */

/* Begin PBXGroup section */
		525EEA4B2CF56D04004A61AD = {
			isa = PBXGroup;
			children = (
				525EEA562CF56D04004A61AD /* shop */,
				525EEA682CF56D05004A61AD /* shopTests */,
				525EEA722CF56D05004A61AD /* shopUITests */,
				525EEA552CF56D04004A61AD /* Products */,
			);
			sourceTree = "<group>";
		};
		525EEA552CF56D04004A61AD /* Products */ = {
			isa = PBXGroup;
			children = (
				525EEA542CF56D04004A61AD /* shop.app */,
				525EEA652CF56D05004A61AD /* shopTests.xctest */,
				525EEA6F2CF56D05004A61AD /* shopUITests.xctest */,
			);
			name = Products;
			sourceTree = "<group>";
		};
		525EEA562CF56D04004A61AD /* shop */ = {
			isa = PBXGroup;
			children = (
				525EEA572CF56D04004A61AD /* shopApp.swift */,
				525EEA592CF56D04004A61AD /* ContentView.swift */,
				525EEA5B2CF56D04004A61AD /* Assets.xcassets */,
				525EEA602CF56D04004A61AD /* shop.entitlements */,
				525EEA5D2CF56D04004A61AD /* Preview Content */,
			);
			path = shop;
			sourceTree = "<group>";
		};
		525EEA5D2CF56D04004A61AD /* Preview Content */ = {
			isa = PBXGroup;
			children = (
				525EEA5E2CF56D04004A61AD /* Preview Assets.xcassets */,
			);
			path = "Preview Content";
			sourceTree = "<group>";
		};
		525EEA682CF56D05004A61AD /* shopTests */ = {
			isa = PBXGroup;
			children = (
				525EEA692CF56D05004A61AD /* shopTests.swift */,
			);
			path = shopTests;
			sourceTree = "<group>";
		};
		525EEA722CF56D05004A61AD /* shopUITests */ = {
			isa = PBXGroup;
			children = (
				525EEA732CF56D05004A61AD /* shopUITests.swift */,
				525EEA752CF56D05004A61AD /* shopUITestsLaunchTests.swift */,
			);
			path = shopUITests;
			sourceTree = "<group>";
		};
/* End PBXGroup section */

/* Begin PBXNativeTarget section */
		525EEA532CF56D04004A61AD /* shop */ = {
			isa = PBXNativeTarget;
			buildConfigurationList = 525EEA792CF56D05004A61AD /* Build configuration list for PBXNativeTarget "shop" */;
			buildPhases = (
				525EEA502CF56D04004A61AD /* Sources */,
				525EEA512CF56D04004A61AD /* Frameworks */,
				525EEA522CF56D04004A61AD /* Resources */,
			);
			buildRules = (
			);
			dependencies = (
			);
			name = shop;
			productName = shop;
			productReference = 525EEA542CF56D04004A61AD /* shop.app */;
			productType = "com.apple.product-type.application";
		};
		525EEA642CF56D05004A61AD /* shopTests */ = {
			isa = PBXNativeTarget;
			buildConfigurationList = 525EEA7C2CF56D05004A61AD /* Build configuration list for PBXNativeTarget "shopTests" */;
			buildPhases = (
				525EEA612CF56D05004A61AD /* Sources */,
				525EEA622CF56D05004A61AD /* Frameworks */,
				525EEA632CF56D05004A61AD /* Resources */,
			);
			buildRules = (
			);
			dependencies = (
				525EEA672CF56D05004A61AD /* PBXTargetDependency */,
			);
			name = shopTests;
			productName = shopTests;
			productReference = 525EEA652CF56D05004A61AD /* shopTests.xctest */;
			productType = "com.apple.product-type.bundle.unit-test";
		};
		525EEA6E2CF56D05004A61AD /* shopUITests */ = {
			isa = PBXNativeTarget;
			buildConfigurationList = 525EEA7F2CF56D05004A61AD /* Build configuration list for PBXNativeTarget "shopUITests" */;
			buildPhases = (
				525EEA6B2CF56D05004A61AD /* Sources */,
				525EEA6C2CF56D05004A61AD /* Frameworks */,
				525EEA6D2CF56D05004A61AD /* Resources */,
			);
			buildRules = (
			);
			dependencies = (
				525EEA712CF56D05004A61AD /* PBXTargetDependency */,
			);
			name = shopUITests;
			productName = shopUITests;
			productReference = 525EEA6F2CF56D05004A61AD /* shopUITests.xctest */;
			productType = "com.apple.product-type.bundle.ui-testing";
		};
/* End PBXNativeTarget section */

/* Begin PBXProject section */
		525EEA4C2CF56D04004A61AD /* Project object */ = {
			isa = PBXProject;
			attributes = {
				BuildIndependentTargetsInParallel = 1;
				LastSwiftUpdateCheck = 1510;
				LastUpgradeCheck = 1510;
				TargetAttributes = {
					525EEA532CF56D04004A61AD = {
						CreatedOnToolsVersion = 15.1;
					};
					525EEA642CF56D05004A61AD = {
						CreatedOnToolsVersion = 15.1;
						TestTargetID = 525EEA532CF56D04004A61AD;
					};
					525EEA6E2CF56D05004A61AD = {
						CreatedOnToolsVersion = 15.1;
						TestTargetID = 525EEA532CF56D04004A61AD;
					};
				};
			};
			buildConfigurationList = 525EEA4F2CF56D04004A61AD /* Build configuration list for PBXProject "shop" */;
			compatibilityVersion = "Xcode 14.0";
			developmentRegion = en;
			hasScannedForEncodings = 0;
			knownRegions = (
				en,
				Base,
			);
			mainGroup = 525EEA4B2CF56D04004A61AD;
			productRefGroup = 525EEA552CF56D04004A61AD /* Products */;
			projectDirPath = "";
			projectRoot = "";
			targets = (
				525EEA532CF56D04004A61AD /* shop */,
				525EEA642CF56D05004A61AD /* shopTests */,
				525EEA6E2CF56D05004A61AD /* shopUITests */,
			);
		};
/* End PBXProject section */

/* Begin PBXResourcesBuildPhase section */
		525EEA522CF56D04004A61AD /* Resources */ = {
			isa = PBXResourcesBuildPhase;
			buildActionMask = 2147483647;
			files = (
				525EEA5F2CF56D04004A61AD /* Preview Assets.xcassets in Resources */,
				525EEA5C2CF56D04004A61AD /* Assets.xcassets in Resources */,
			);
			runOnlyForDeploymentPostprocessing = 0;
		};
		525EEA632CF56D05004A61AD /* Resources */ = {
			isa = PBXResourcesBuildPhase;
			buildActionMask = 2147483647;
			files = (
			);
			runOnlyForDeploymentPostprocessing = 0;
		};
		525EEA6D2CF56D05004A61AD /* Resources */ = {
			isa = PBXResourcesBuildPhase;
			buildActionMask = 2147483647;
			files = (
			);
			runOnlyForDeploymentPostprocessing = 0;
		};
/* End PBXResourcesBuildPhase section */

/* Begin PBXSourcesBuildPhase section */
		525EEA502CF56D04004A61AD /* Sources */ = {
			isa = PBXSourcesBuildPhase;
			buildActionMask = 2147483647;
			files = (
				525EEA5A2CF56D04004A61AD /* ContentView.swift in Sources */,
				525EEA582CF56D04004A61AD /* shopApp.swift in Sources */,
			);
			runOnlyForDeploymentPostprocessing = 0;
		};
		525EEA612CF56D05004A61AD /* Sources */ = {
			isa = PBXSourcesBuildPhase;
			buildActionMask = 2147483647;
			files = (
				525EEA6A2CF56D05004A61AD /* shopTests.swift in Sources */,
			);
			runOnlyForDeploymentPostprocessing = 0;
		};
		525EEA6B2CF56D05004A61AD /* Sources */ = {
			isa = PBXSourcesBuildPhase;
			buildActionMask = 2147483647;
			files = (
				525EEA762CF56D05004A61AD /* shopUITestsLaunchTests.swift in Sources */,
				525EEA742CF56D05004A61AD /* shopUITests.swift in Sources */,
			);
			runOnlyForDeploymentPostprocessing = 0;
		};
/* End PBXSourcesBuildPhase section */

/* Begin PBXTargetDependency section */
		525EEA672CF56D05004A61AD /* PBXTargetDependency */ = {
			isa = PBXTargetDependency;
			target = 525EEA532CF56D04004A61AD /* shop */;
			targetProxy = 525EEA662CF56D05004A61AD /* PBXContainerItemProxy */;
		};
		525EEA712CF56D05004A61AD /* PBXTargetDependency */ = {
			isa = PBXTargetDependency;
			target = 525EEA532CF56D04004A61AD /* shop */;
			targetProxy = 525EEA702CF56D05004A61AD /* PBXContainerItemProxy */;
		};
/* End PBXTargetDependency section */

/* Begin XCBuildConfiguration section */
		525EEA772CF56D05004A61AD /* Debug */ = {
			isa = XCBuildConfiguration;
			buildSettings = {
				ALWAYS_SEARCH_USER_PATHS = NO;
				ASSETCATALOG_COMPILER_GENERATE_SWIFT_ASSET_SYMBOL_EXTENSIONS = YES;
				CLANG_ANALYZER_NONNULL = YES;
				CLANG_ANALYZER_NUMBER_OBJECT_CONVERSION = YES_AGGRESSIVE;
				CLANG_CXX_LANGUAGE_STANDARD = "gnu++20";
				CLANG_ENABLE_MODULES = YES;
				CLANG_ENABLE_OBJC_ARC = YES;
				CLANG_ENABLE_OBJC_WEAK = YES;
				CLANG_WARN_BLOCK_CAPTURE_AUTORELEASING = YES;
				CLANG_WARN_BOOL_CONVERSION = YES;
				CLANG_WARN_COMMA = YES;
				CLANG_WARN_CONSTANT_CONVERSION = YES;
				CLANG_WARN_DEPRECATED_OBJC_IMPLEMENTATIONS = YES;
				CLANG_WARN_DIRECT_OBJC_ISA_USAGE = YES_ERROR;
				CLANG_WARN_DOCUMENTATION_COMMENTS = YES;
				CLANG_WARN_EMPTY_BODY = YES;
				CLANG_WARN_ENUM_CONVERSION = YES;
				CLANG_WARN_INFINITE_RECURSION = YES;
				CLANG_WARN_INT_CONVERSION = YES;
				CLANG_WARN_NON_LITERAL_NULL_CONVERSION = YES;
				CLANG_WARN_OBJC_IMPLICIT_RETAIN_SELF = YES;
				CLANG_WARN_OBJC_LITERAL_CONVERSION = YES;
				CLANG_WARN_OBJC_ROOT_CLASS = YES_ERROR;
				CLANG_WARN_QUOTED_INCLUDE_IN_FRAMEWORK_HEADER = YES;
				CLANG_WARN_RANGE_LOOP_ANALYSIS = YES;
				CLANG_WARN_STRICT_PROTOTYPES = YES;
				CLANG_WARN_SUSPICIOUS_MOVE = YES;
				CLANG_WARN_UNGUARDED_AVAILABILITY = YES_AGGRESSIVE;
				CLANG_WARN_UNREACHABLE_CODE = YES;
				CLANG_WARN__DUPLICATE_METHOD_MATCH = YES;
				COPY_PHASE_STRIP = NO;
				DEBUG_INFORMATION_FORMAT = dwarf;
				ENABLE_STRICT_OBJC_MSGSEND = YES;
				ENABLE_TESTABILITY = YES;
				ENABLE_USER_SCRIPT_SANDBOXING = YES;
				GCC_C_LANGUAGE_STANDARD = gnu17;
				GCC_DYNAMIC_NO_PIC = NO;
				GCC_NO_COMMON_BLOCKS = YES;
				GCC_OPTIMIZATION_LEVEL = 0;
				GCC_PREPROCESSOR_DEFINITIONS = (
					"DEBUG=1",
					"$(inherited)",
				);
				GCC_WARN_64_TO_32_BIT_CONVERSION = YES;
				GCC_WARN_ABOUT_RETURN_TYPE = YES_ERROR;
				GCC_WARN_UNDECLARED_SELECTOR = YES;
				GCC_WARN_UNINITIALIZED_AUTOS = YES_AGGRESSIVE;
				GCC_WARN_UNUSED_FUNCTION = YES;
				GCC_WARN_UNUSED_VARIABLE = YES;
				LOCALIZATION_PREFERS_STRING_CATALOGS = YES;
				MACOSX_DEPLOYMENT_TARGET = 14.2;
				MTL_ENABLE_DEBUG_INFO = INCLUDE_SOURCE;
				MTL_FAST_MATH = YES;
				ONLY_ACTIVE_ARCH = YES;
				SDKROOT = macosx;
				SWIFT_ACTIVE_COMPILATION_CONDITIONS = "DEBUG $(inherited)";
				SWIFT_OPTIMIZATION_LEVEL = "-Onone";
			};
			name = Debug;
		};
		525EEA782CF56D05004A61AD /* Release */ = {
			isa = XCBuildConfiguration;
			buildSettings = {
				ALWAYS_SEARCH_USER_PATHS = NO;
				ASSETCATALOG_COMPILER_GENERATE_SWIFT_ASSET_SYMBOL_EXTENSIONS = YES;
				CLANG_ANALYZER_NONNULL = YES;
				CLANG_ANALYZER_NUMBER_OBJECT_CONVERSION = YES_AGGRESSIVE;
				CLANG_CXX_LANGUAGE_STANDARD = "gnu++20";
				CLANG_ENABLE_MODULES = YES;
				CLANG_ENABLE_OBJC_ARC = YES;
				CLANG_ENABLE_OBJC_WEAK = YES;
				CLANG_WARN_BLOCK_CAPTURE_AUTORELEASING = YES;
				CLANG_WARN_BOOL_CONVERSION = YES;
				CLANG_WARN_COMMA = YES;
				CLANG_WARN_CONSTANT_CONVERSION = YES;
				CLANG_WARN_DEPRECATED_OBJC_IMPLEMENTATIONS = YES;
				CLANG_WARN_DIRECT_OBJC_ISA_USAGE = YES_ERROR;
				CLANG_WARN_DOCUMENTATION_COMMENTS = YES;
				CLANG_WARN_EMPTY_BODY = YES;
				CLANG_WARN_ENUM_CONVERSION = YES;
				CLANG_WARN_INFINITE_RECURSION = YES;
				CLANG_WARN_INT_CONVERSION = YES;
				CLANG_WARN_NON_LITERAL_NULL_CONVERSION = YES;
				CLANG_WARN_OBJC_IMPLICIT_RETAIN_SELF = YES;
				CLANG_WARN_OBJC_LITERAL_CONVERSION = YES;
				CLANG_WARN_OBJC_ROOT_CLASS = YES_ERROR;
				CLANG_WARN_QUOTED_INCLUDE_IN_FRAMEWORK_HEADER = YES;
				CLANG_WARN_RANGE_LOOP_ANALYSIS = YES;
				CLANG_WARN_STRICT_PROTOTYPES = YES;
				CLANG_WARN_SUSPICIOUS_MOVE = YES;
				CLANG_WARN_UNGUARDED_AVAILABILITY = YES_AGGRESSIVE;
				CLANG_WARN_UNREACHABLE_CODE = YES;
				CLANG_WARN__DUPLICATE_METHOD_MATCH = YES;
				COPY_PHASE_STRIP = NO;
				DEBUG_INFORMATION_FORMAT = "dwarf-with-dsym";
				ENABLE_NS_ASSERTIONS = NO;
				ENABLE_STRICT_OBJC_MSGSEND = YES;
				ENABLE_USER_SCRIPT_SANDBOXING = YES;
				GCC_C_LANGUAGE_STANDARD = gnu17;
				GCC_NO_COMMON_BLOCKS = YES;
				GCC_WARN_64_TO_32_BIT_CONVERSION = YES;
				GCC_WARN_ABOUT_RETURN_TYPE = YES_ERROR;
				GCC_WARN_UNDECLARED_SELECTOR = YES;
				GCC_WARN_UNINITIALIZED_AUTOS = YES_AGGRESSIVE;
				GCC_WARN_UNUSED_FUNCTION = YES;
				GCC_WARN_UNUSED_VARIABLE = YES;
				LOCALIZATION_PREFERS_STRING_CATALOGS = YES;
				MACOSX_DEPLOYMENT_TARGET = 14.2;
				MTL_ENABLE_DEBUG_INFO = NO;
				MTL_FAST_MATH = YES;
				SDKROOT = macosx;
				SWIFT_COMPILATION_MODE = wholemodule;
			};
			name = Release;
		};
		525EEA7A2CF56D05004A61AD /* Debug */ = {
			isa = XCBuildConfiguration;
			buildSettings = {
				ASSETCATALOG_COMPILER_APPICON_NAME = AppIcon;
				ASSETCATALOG_COMPILER_GLOBAL_ACCENT_COLOR_NAME = AccentColor;
				CODE_SIGN_ENTITLEMENTS = shop/shop.entitlements;
				CODE_SIGN_STYLE = Automatic;
				COMBINE_HIDPI_IMAGES = YES;
				CURRENT_PROJECT_VERSION = 1;
				DEVELOPMENT_ASSET_PATHS = "\"shop/Preview Content\"";
				ENABLE_PREVIEWS = YES;
				GENERATE_INFOPLIST_FILE = YES;
				INFOPLIST_KEY_NSHumanReadableCopyright = "";
				LD_RUNPATH_SEARCH_PATHS = (
					"$(inherited)",
					"@executable_path/../Frameworks",
				);
				MARKETING_VERSION = 1.0;
				PRODUCT_BUNDLE_IDENTIFIER = Vathana.shop;
				PRODUCT_NAME = "$(TARGET_NAME)";
				SWIFT_EMIT_LOC_STRINGS = YES;
				SWIFT_VERSION = 5.0;
			};
			name = Debug;
		};
		525EEA7B2CF56D05004A61AD /* Release */ = {
			isa = XCBuildConfiguration;
			buildSettings = {
				ASSETCATALOG_COMPILER_APPICON_NAME = AppIcon;
				ASSETCATALOG_COMPILER_GLOBAL_ACCENT_COLOR_NAME = AccentColor;
				CODE_SIGN_ENTITLEMENTS = shop/shop.entitlements;
				CODE_SIGN_STYLE = Automatic;
				COMBINE_HIDPI_IMAGES = YES;
				CURRENT_PROJECT_VERSION = 1;
				DEVELOPMENT_ASSET_PATHS = "\"shop/Preview Content\"";
				ENABLE_PREVIEWS = YES;
				GENERATE_INFOPLIST_FILE = YES;
				INFOPLIST_KEY_NSHumanReadableCopyright = "";
				LD_RUNPATH_SEARCH_PATHS = (
					"$(inherited)",
					"@executable_path/../Frameworks",
				);
				MARKETING_VERSION = 1.0;
				PRODUCT_BUNDLE_IDENTIFIER = Vathana.shop;
				PRODUCT_NAME = "$(TARGET_NAME)";
				SWIFT_EMIT_LOC_STRINGS = YES;
				SWIFT_VERSION = 5.0;
			};
			name = Release;
		};
		525EEA7D2CF56D05004A61AD /* Debug */ = {
			isa = XCBuildConfiguration;
			buildSettings = {
				ALWAYS_EMBED_SWIFT_STANDARD_LIBRARIES = YES;
				BUNDLE_LOADER = "$(TEST_HOST)";
				CODE_SIGN_STYLE = Automatic;
				CURRENT_PROJECT_VERSION = 1;
				GENERATE_INFOPLIST_FILE = YES;
				MACOSX_DEPLOYMENT_TARGET = 14.2;
				MARKETING_VERSION = 1.0;
				PRODUCT_BUNDLE_IDENTIFIER = Vathana.shopTests;
				PRODUCT_NAME = "$(TARGET_NAME)";
				SWIFT_EMIT_LOC_STRINGS = NO;
				SWIFT_VERSION = 5.0;
				TEST_HOST = "$(BUILT_PRODUCTS_DIR)/shop.app/$(BUNDLE_EXECUTABLE_FOLDER_PATH)/shop";
			};
			name = Debug;
		};
		525EEA7E2CF56D05004A61AD /* Release */ = {
			isa = XCBuildConfiguration;
			buildSettings = {
				ALWAYS_EMBED_SWIFT_STANDARD_LIBRARIES = YES;
				BUNDLE_LOADER = "$(TEST_HOST)";
				CODE_SIGN_STYLE = Automatic;
				CURRENT_PROJECT_VERSION = 1;
				GENERATE_INFOPLIST_FILE = YES;
				MACOSX_DEPLOYMENT_TARGET = 14.2;
				MARKETING_VERSION = 1.0;
				PRODUCT_BUNDLE_IDENTIFIER = Vathana.shopTests;
				PRODUCT_NAME = "$(TARGET_NAME)";
				SWIFT_EMIT_LOC_STRINGS = NO;
				SWIFT_VERSION = 5.0;
				TEST_HOST = "$(BUILT_PRODUCTS_DIR)/shop.app/$(BUNDLE_EXECUTABLE_FOLDER_PATH)/shop";
			};
			name = Release;
		};
		525EEA802CF56D05004A61AD /* Debug */ = {
			isa = XCBuildConfiguration;
			buildSettings = {
				ALWAYS_EMBED_SWIFT_STANDARD_LIBRARIES = YES;
				CODE_SIGN_STYLE = Automatic;
				CURRENT_PROJECT_VERSION = 1;
				GENERATE_INFOPLIST_FILE = YES;
				MARKETING_VERSION = 1.0;
				PRODUCT_BUNDLE_IDENTIFIER = Vathana.shopUITests;
				PRODUCT_NAME = "$(TARGET_NAME)";
				SWIFT_EMIT_LOC_STRINGS = NO;
				SWIFT_VERSION = 5.0;
				TEST_TARGET_NAME = shop;
			};
			name = Debug;
		};
		525EEA812CF56D05004A61AD /* Release */ = {
			isa = XCBuildConfiguration;
			buildSettings = {
				ALWAYS_EMBED_SWIFT_STANDARD_LIBRARIES = YES;
				CODE_SIGN_STYLE = Automatic;
				CURRENT_PROJECT_VERSION = 1;
				GENERATE_INFOPLIST_FILE = YES;
				MARKETING_VERSION = 1.0;
				PRODUCT_BUNDLE_IDENTIFIER = Vathana.shopUITests;
				PRODUCT_NAME = "$(TARGET_NAME)";
				SWIFT_EMIT_LOC_STRINGS = NO;
				SWIFT_VERSION = 5.0;
				TEST_TARGET_NAME = shop;
			};
			name = Release;
		};
/* End XCBuildConfiguration section */

/* Begin XCConfigurationList section */
		525EEA4F2CF56D04004A61AD /* Build configuration list for PBXProject "shop" */ = {
			isa = XCConfigurationList;
			buildConfigurations = (
				525EEA772CF56D05004A61AD /* Debug */,
				525EEA782CF56D05004A61AD /* Release */,
			);
			defaultConfigurationIsVisible = 0;
			defaultConfigurationName = Release;
		};
		525EEA792CF56D05004A61AD /* Build configuration list for PBXNativeTarget "shop" */ = {
			isa = XCConfigurationList;
			buildConfigurations = (
				525EEA7A2CF56D05004A61AD /* Debug */,
				525EEA7B2CF56D05004A61AD /* Release */,
			);
			defaultConfigurationIsVisible = 0;
			defaultConfigurationName = Release;
		};
		525EEA7C2CF56D05004A61AD /* Build configuration list for PBXNativeTarget "shopTests" */ = {
			isa = XCConfigurationList;
			buildConfigurations = (
				525EEA7D2CF56D05004A61AD /* Debug */,
				525EEA7E2CF56D05004A61AD /* Release */,
			);
			defaultConfigurationIsVisible = 0;
			defaultConfigurationName = Release;
		};
		525EEA7F2CF56D05004A61AD /* Build configuration list for PBXNativeTarget "shopUITests" */ = {
			isa = XCConfigurationList;
			buildConfigurations = (
				525EEA802CF56D05004A61AD /* Debug */,
				525EEA812CF56D05004A61AD /* Release */,
			);
			defaultConfigurationIsVisible = 0;
			defaultConfigurationName = Release;
		};
/* End XCConfigurationList section */
	};
	rootObject = 525EEA4C2CF56D04004A61AD /* Project object */;
}
